
Microsoft Visual Studio Solution File, Format Version 12.00
# Visual Studio Version 16
VisualStudioVersion = 16.0.31313.79
MinimumVisualStudioVersion = 10.0.40219.1
Project("{9A19103F-16F7-4668-BE54-9A1E7A4F7556}") = "FitAppServer", "FitAppServer\FitAppServer.csproj", "{83362177-EFF9-49F4-9CEE-A4C47181222E}"
EndProject
Project("{FAE04EC0-301F-11D3-BF4B-00C04F79EFBC}") = "FitAppServer.Services", "FitAppServer.Services\FitAppServer.Services.csproj", "{0AFC0532-0B46-4DC3-870F-2E3F7F71675A}"
EndProject
Project("{FAE04EC0-301F-11D3-BF4B-00C04F79EFBC}") = "FitAppServer.DataAccess", "FitAppServer.DataAccess\FitAppServer.DataAccess.csproj", "{966F1286-D883-4317-917E-341CB3134234}"
EndProject
Project("{FAE04EC0-301F-11D3-BF4B-00C04F79EFBC}") = "FitAppServer.Auth", "FitAppServer.Auth\FitAppServer.Auth.csproj", "{56741D70-7DCD-4340-BDA6-BE31218D6C13}"
EndProject
Global
	GlobalSection(SolutionConfigurationPlatforms) = preSolution
		Debug|Any CPU = Debug|Any CPU
		Release|Any CPU = Release|Any CPU
	EndGlobalSection
	GlobalSection(ProjectConfigurationPlatforms) = postSolution
		{83362177-EFF9-49F4-9CEE-A4C47181222E}.Debug|Any CPU.ActiveCfg = Debug|Any CPU
		{83362177-EFF9-49F4-9CEE-A4C47181222E}.Debug|Any CPU.Build.0 = Debug|Any CPU
		{83362177-EFF9-49F4-9CEE-A4C47181222E}.Release|Any CPU.ActiveCfg = Release|Any CPU
		{83362177-EFF9-49F4-9CEE-A4C47181222E}.Release|Any CPU.Build.0 = Release|Any CPU
		{0AFC0532-0B46-4DC3-870F-2E3F7F71675A}.Debug|Any CPU.ActiveCfg = Debug|Any CPU
		{0AFC0532-0B46-4DC3-870F-2E3F7F71675A}.Debug|Any CPU.Build.0 = Debug|Any CPU
		{0AFC0532-0B46-4DC3-870F-2E3F7F71675A}.Release|Any CPU.ActiveCfg = Release|Any CPU
		{0AFC0532-0B46-4DC3-870F-2E3F7F71675A}.Release|Any CPU.Build.0 = Release|Any CPU
		{966F1286-D883-4317-917E-341CB3134234}.Debug|Any CPU.ActiveCfg = Debug|Any CPU
		{966F1286-D883-4317-917E-341CB3134234}.Debug|Any CPU.Build.0 = Debug|Any CPU
		{966F1286-D883-4317-917E-341CB3134234}.Release|Any CPU.ActiveCfg = Release|Any CPU
		{966F1286-D883-4317-917E-341CB3134234}.Release|Any CPU.Build.0 = Release|Any CPU
		{56741D70-7DCD-4340-BDA6-BE31218D6C13}.Debug|Any CPU.ActiveCfg = Debug|Any CPU
		{56741D70-7DCD-4340-BDA6-BE31218D6C13}.Debug|Any CPU.Build.0 = Debug|Any CPU
		{56741D70-7DCD-4340-BDA6-BE31218D6C13}.Release|Any CPU.ActiveCfg = Release|Any CPU
		{56741D70-7DCD-4340-BDA6-BE31218D6C13}.Release|Any CPU.Build.0 = Release|Any CPU
	EndGlobalSection
	GlobalSection(SolutionProperties) = preSolution
		HideSolutionNode = FALSE
	EndGlobalSection
	GlobalSection(ExtensibilityGlobals) = postSolution
		SolutionGuid = {609EE814-8697-409F-AA11-5CE813C2361E}
	EndGlobalSection
EndGlobal
